{
  "version": "2",
  "remote": {
    "https://cdn.jsdelivr.net/npm/luxon@3.1.0/build/es6/luxon.js": "4f8d91e0107c6d434160a9d97fd1b4960ecc14b50b881e950d72d0fb8b71ffc8",
    "https://deno.land/std@0.165.0/_util/asserts.ts": "d0844e9b62510f89ce1f9878b046f6a57bf88f208a10304aab50efcb48365272",
    "https://deno.land/std@0.165.0/bytes/bytes_list.ts": "aba5e2369e77d426b10af1de0dcc4531acecec27f9b9056f4f7bfbf8ac147ab4",
    "https://deno.land/std@0.165.0/bytes/equals.ts": "3c3558c3ae85526f84510aa2b48ab2ad7bdd899e2e0f5b7a8ffc85acb3a6043a",
    "https://deno.land/std@0.165.0/bytes/mod.ts": "b2e342fd3669176a27a4e15061e9d588b89c1aaf5008ab71766e23669565d179",
    "https://deno.land/std@0.165.0/fmt/colors.ts": "9e36a716611dcd2e4865adea9c4bec916b5c60caad4cdcdc630d4974e6bb8bd4",
    "https://deno.land/std@0.165.0/fs/exists.ts": "6a447912e49eb79cc640adacfbf4b0baf8e17ede6d5bed057062ce33c4fa0d68",
    "https://deno.land/std@0.165.0/io/buffer.ts": "245f1762a949082ddc0a6e9b15589d0be2d29c150266decd04320b8a8318f9f6",
    "https://deno.land/std@0.165.0/io/types.d.ts": "107e1e64834c5ba917c783f446b407d33432c5d612c4b3430df64fc2b4ecf091",
    "https://deno.land/std@0.165.0/log/handlers.ts": "61ab932822ba268ad42b25de6f0014892fe469df7627b14245ad32db6fd8b54d",
    "https://deno.land/std@0.165.0/log/levels.ts": "82c965b90f763b5313e7595d4ba78d5095a13646d18430ebaf547526131604d1",
    "https://deno.land/std@0.165.0/log/logger.ts": "b545159727b023825ee6814d9178fb2a7472f8d95d704c253b771b95c658cf8c",
    "https://deno.land/std@0.165.0/log/mod.ts": "90618a3fdbb4520ed4e7d960665322a3dbfc107eebb3345fe0f36c8c8a7b7962",
    "https://deno.land/std@0.167.0/_util/asserts.ts": "d0844e9b62510f89ce1f9878b046f6a57bf88f208a10304aab50efcb48365272",
    "https://deno.land/std@0.167.0/bytes/bytes_list.ts": "aba5e2369e77d426b10af1de0dcc4531acecec27f9b9056f4f7bfbf8ac147ab4",
    "https://deno.land/std@0.167.0/bytes/concat.ts": "97a1274e117510ffffc9499c4debb9541e408732bab2e0ca624869ae13103c10",
    "https://deno.land/std@0.167.0/bytes/copy.ts": "d14a58f188a997ee0d2ba696d0c82a42f4fb4b6705e90a4238b77d7644dae24c",
    "https://deno.land/std@0.167.0/fmt/colors.ts": "03ad95e543d2808bc43c17a3dd29d25b43d0f16287fe562a0be89bf632454a12",
    "https://deno.land/std@0.167.0/fs/exists.ts": "6a447912e49eb79cc640adacfbf4b0baf8e17ede6d5bed057062ce33c4fa0d68",
    "https://deno.land/std@0.167.0/io/buffer.ts": "9d6f555ded12960bd5a44f57291a82270cca0a77bde6cadd1384a03a86bf876a",
    "https://deno.land/std@0.167.0/io/types.d.ts": "790d3a3fa6b7f298d4cfbcf8bfd9d4be595c1b1acaa3eebb3009177df98bf93c",
    "https://deno.land/std@0.167.0/log/handlers.ts": "f0a9ac3892d46381982db388b8bde4e487eca290be04ec77321edf0ada8575d3",
    "https://deno.land/std@0.167.0/log/levels.ts": "3043c0bf69b1de718488feb6e0ded2d64f6aef362fe73f762b506f32b1029ea2",
    "https://deno.land/std@0.167.0/log/logger.ts": "83fb231064a38736fbfd078fe6624e21ed2537733de7baa1cdd749b8c3c9d991",
    "https://deno.land/std@0.167.0/log/mod.ts": "6ff372a706ecef125a9fd455931ae00741d6408562c84cf2fbdc35a2c2a840af",
    "https://deno.land/x/easyts@0.1.0/assert.ts": "612a15d873363d3db07ee259875e6a69217b327ee42b40e9d7d47f622dc96fbf",
    "https://deno.land/x/easyts@0.1.0/async.ts": "3ba9a5e4a684ed44c510699e224ab786aff873365bc72cbd74a6ea92a0982bf2",
    "https://deno.land/x/easyts@0.1.0/channel.ts": "25ff6a15cea46cc03d2fac239df4ef0365e3f3099c95bcab77f6a88091f027b1",
    "https://deno.land/x/easyts@0.1.0/context/context.ts": "64357d03f48e4e3db71c0c923a5c51eb470b0c7e82cf6a1be8f65f75d9571baf",
    "https://deno.land/x/easyts@0.1.0/context/mod.ts": "f8003bd189a63e04dce192c88a3e2d53dfdbe23ceefc37651ddb44d228c3c8bc",
    "https://deno.land/x/easyts@0.1.0/defer.ts": "933c0cf6c0f47fc6d2bcd4053f3feaa4027d23c0df2519cc0fee3a3806387acb",
    "https://deno.land/x/easyts@0.1.0/exception.ts": "37225598f67368f9ccff34bd30946aedca48e4e70e293d62d759605216d67914",
    "https://deno.land/x/easyts@0.1.0/internal/decorator.ts": "8695942ba083319079fafb305500af8de514c4aadfc92067954dc23619d0a251",
    "https://deno.land/x/easyts@0.1.0/io/io.ts": "393d331f7b37521da0ed9d58496cd4eec62e95c64675d7419ecee723815cf5a6",
    "https://deno.land/x/easyts@0.1.0/io/mod.ts": "04edb7df44a7654f2ffec0f03ccdc958fcd36a3b7bef581fe30165e996d778c9",
    "https://deno.land/x/easyts@0.1.0/log/logger.ts": "3cf5ea2bcabac5a55e1b086fb8909c849392a9a0ab456caf46d86b929fa52533",
    "https://deno.land/x/easyts@0.1.0/log/mod.ts": "d25221d60fd88b55a1f84c50b966244ed1f103daf5217545f0b06f08d52b8232",
    "https://deno.land/x/easyts@0.1.0/net/ip.ts": "ce3b04b4060b8b17e3db9b5b3f360567cc1c24dfc468132386cb8f63cb0a5110",
    "https://deno.land/x/easyts@0.1.0/types.ts": "f08f8e7bb3cadb0012bcf163c367ae46122f3e2d8a2db308dc0bd93242ae6597",
    "https://deno.land/x/easyts@0.1.0/values.ts": "5edd0d484113a5ca81fb1494fac5baa3aaf12295df5d7cab935f258e03045c75",
    "https://deno.land/x/flags@0.0.2/mod.ts": "cd018a29ad97683ea674203c00a75144844a1f53169f923529eba70048825d9a",
    "https://deno.land/x/flags@0.0.3/mod.ts": "cd018a29ad97683ea674203c00a75144844a1f53169f923529eba70048825d9a",
    "https://deno.land/x/gohttp@0.1.0/client.ts": "197a8a51fce17fdd0ecf777347603acb676e8be72474bf865f8945f562c86e25",
    "https://deno.land/x/gohttp@0.1.0/cookie.ts": "9f7f8f6c7d93c5d3d1923d4f7b137aa232ac5c97e93173051db8c035aa64d79c",
    "https://deno.land/x/gohttp@0.1.0/cookiejar.ts": "b0d3c69f431fa9fea29b37c3ee9913e330c5fd117e5f5777f4279f0f6c1f5218",
    "https://deno.land/x/gohttp@0.1.0/datetime.ts": "ce4d3bcc4bdb658d20b113c276c0c150a363ad2852f5b44e2da8388211072613",
    "https://deno.land/x/gohttp@0.1.0/deps/easyts/channel.ts": "d9373cb9405049351dcc81880463ab8487e217e73b90704dcdf4bc3819da4934",
    "https://deno.land/x/gohttp@0.1.0/deps/easyts/context/context.ts": "8842aadb2b7de5a14f19b73825d801144ee5356717b770fcdd48d2d9627e885c",
    "https://deno.land/x/gohttp@0.1.0/deps/easyts/defer.ts": "2630bb8f4bd29ece9395c350cd18957bcae834a95aa493c8e21a0908eaa99b78",
    "https://deno.land/x/gohttp@0.1.0/deps/easyts/io/io.ts": "1c085bb68a1a3ef18be94d508cac06ca577a3039028b28c3afb86192a42ab22f",
    "https://deno.land/x/gohttp@0.1.0/deps/easyts/log/mod.ts": "e70ef5bdbf7b73221bdb933d72ca5d8db436e77e7d20681bd96e8a3c7675fc05",
    "https://deno.land/x/gohttp@0.1.0/deps/easyts/net/ip.ts": "1dddc2e7bead517300a41c2c6a84c32993cab2a61a17461fd4b6f24d1d9cfe31",
    "https://deno.land/x/gohttp@0.1.0/deps/luxon/luxon.js": "1966bc934c7b9b9581bb81bc841f93b3071e7422358f6a1093e2994b782179f6",
    "https://deno.land/x/gohttp@0.1.0/download.ts": "fb3dc3ad53151a1ef4c06f9054e26e4a6ee61eacf1f964990dfff72660baa8f3",
    "https://deno.land/x/gohttp@0.1.0/internal/ascii.ts": "d45b8064983c3da535b18f2edc982276eb3ae249610c8c317423b220bd2941e5",
    "https://deno.land/x/gohttp@0.1.0/internal/cookie.ts": "3437976bd199ed9b45fa2e6f32e459db05308416d4f48f9c66a178eed9c861b0",
    "https://deno.land/x/gohttp@0.1.0/internal/cookiejar.ts": "39e4ed45b1ff26621125d72b5e501a10d656581656ac5a050d2e73739b91494c",
    "https://deno.land/x/gohttp@0.1.0/internal/downloader/downloader.ts": "ec9e34c0110403e91a1f0610d29345cacfe5d3387f6a5ddb392a4ada0d76d25d",
    "https://deno.land/x/gohttp@0.1.0/internal/downloader/localfile.ts": "28e877901bac8171d2a35bb7680c2a72d420482e544872c9245741d70e7597bc",
    "https://deno.land/x/gohttp@0.1.0/internal/fetch.ts": "f50a7c32b2e92d8af597e145901e407f1b70abf98e383a0e4eae71dd9bfa5d93",
    "https://deno.land/x/gohttp@0.1.0/internal/httpguts.ts": "a2239d3134236f904d82b6ccdc3ae584187e3de73fb17dde6c108611c667b8f6",
    "https://deno.land/x/gohttp@0.1.0/internal/textproto.ts": "651a07395e5852e6cb7ae26ccdeec5a124d01442930ff6f88aec49fb9e4a458b",
    "https://deno.land/x/gohttp@0.1.0/jar.ts": "ca3eaebf8ab5e3239c7adfbb53a043568dcdbf1c7e3484b8feb274ee1a2b5008",
    "https://deno.land/x/gohttp@0.1.0/log.ts": "6eb5228412ed5c06ff9a833eae41090fbc1f3390c15c1a0cf64757c02d67ae93",
    "https://deno.land/x/gohttp@0.1.0/method.ts": "a5523ceae88111dcecc9fba963fa77c13c1899fed6f368eb11ed2a75d180f1a7",
    "https://deno.land/x/gohttp@0.1.0/middleware.ts": "16ced47ab6804355da192e41a7863b6a307dd4cdf7f6b47dbe7f16dab20ed41f",
    "https://deno.land/x/gohttp@0.1.0/mime.ts": "6b00a2e6506d423681cea06ed0515b50c251656fdb2cc7f9707a925ed6d56134",
    "https://deno.land/x/gohttp@0.1.0/mod.ts": "39541c66041f6700401a8701e01a02b89a8544973cdda7bb7e080a7d35f43269",
    "https://deno.land/x/gohttp@0.1.0/status.ts": "7012d1ad23d2398553c9fbd9cd943ca55284c10ff86617c59502039e65fa1a1e",
    "https://raw.githubusercontent.com/powerpuffpenguin/easyts/0.0.18/deno/core.ts": "647204576e718e52f320b2865e2e93acb890967e46bdead59ecca5383e137e60",
    "https://raw.githubusercontent.com/powerpuffpenguin/easyts/0.0.18/deno/core/channel.ts": "20b599763659b0b6c7c59746b0be25785e5471d198a5873c77ab11c5013cbe9c",
    "https://raw.githubusercontent.com/powerpuffpenguin/easyts/0.0.18/deno/core/completer.ts": "9796e4948cfd65f346905251d094bbc0cac3a2a88e0faadb4e6f1a66b6b2af89",
    "https://raw.githubusercontent.com/powerpuffpenguin/easyts/0.0.18/deno/core/defer.ts": "1cc95b0cb164c72c58117a44df51c16e8767cd5290d6bc5cc1db49f536aa44f5",
    "https://raw.githubusercontent.com/powerpuffpenguin/easyts/0.0.18/deno/core/exception.ts": "8ab9550217bfed7df2899a482a778ee17175c9ab385a8007296be620b9ca510e",
    "https://raw.githubusercontent.com/powerpuffpenguin/easyts/0.0.18/deno/core/signals.ts": "5b4e4b7648353e33d16943af89e11eb558ad41208e76ac94a6f1aa2edc0423fe",
    "https://raw.githubusercontent.com/powerpuffpenguin/easyts/0.0.18/deno/core/signals_combiners.ts": "390b863b4efd70d9078952dca91f32121b7d02ad9873420760ea250033625fe3",
    "https://raw.githubusercontent.com/powerpuffpenguin/easyts/0.0.18/deno/core/slice.ts": "970be604a72d77ccfc5b43f83d65816afe97f2027e28b6f4ce335c85892e1ba5",
    "https://raw.githubusercontent.com/powerpuffpenguin/easyts/0.0.18/deno/core/types.ts": "78e43db83b91177a0dac574073730d049e5c99a6b3d3ff011bcccd3ae88e5337",
    "https://raw.githubusercontent.com/powerpuffpenguin/easyts/0.0.18/deno/core/values.ts": "5edd0d484113a5ca81fb1494fac5baa3aaf12295df5d7cab935f258e03045c75",
    "https://raw.githubusercontent.com/powerpuffpenguin/easyts/0.0.18/deno/net/url.ts": "b826848e20aac3f2a2a0aa8a8eb4efeb339abe09825fa1fe60700e1aa6c0ec25",
    "https://raw.githubusercontent.com/powerpuffpenguin/easyts/0.0.18/deno/net/url/url.ts": "32fb7dca413dd33b7d5ebfa90ee951b241fdb5210bdd05b30f9adcbce5b47725"
  }
}
